
Microsoft Visual Studio Solution File, Format Version 12.00
# Visual Studio Version 17
VisualStudioVersion = 17.0.31903.59
MinimumVisualStudioVersion = 10.0.40219.1
Project("{2150E333-8FDC-42A3-9474-1A3956D46DE8}") = "src", "src", "{3A105609-988B-412C-9F16-6AED2DD2EA2B}"
EndProject
Project("{FAE04EC0-301F-11D3-BF4B-00C04F79EFBC}") = "RoshShaket.Api", "src\RoshShaket.Api\RoshShaket.Api.csproj", "{4F9287CF-CBA7-49E4-B5DD-51073B2B3387}"
EndProject
Project("{FAE04EC0-301F-11D3-BF4B-00C04F79EFBC}") = "RoshShaket.Application", "src\RoshShaket.Application\RoshShaket.Application.csproj", "{5216D893-F4EE-4406-B582-893D8095E989}"
EndProject
Project("{FAE04EC0-301F-11D3-BF4B-00C04F79EFBC}") = "RoshShaket.Domain", "src\RoshShaket.Domain\RoshShaket.Domain.csproj", "{721F081F-0A6E-42A7-B802-4A4DCB5D2EEF}"
EndProject
Project("{FAE04EC0-301F-11D3-BF4B-00C04F79EFBC}") = "RoshShaket.Infrastructure", "src\RoshShaket.Infrastructure\RoshShaket.Infrastructure.csproj", "{4842F967-49C3-4022-AAA9-4617E73EF706}"
EndProject
Project("{2150E333-8FDC-42A3-9474-1A3956D46DE8}") = "tests", "tests", "{72DC6DAC-8CE7-429E-A27E-116167F9EF0C}"
EndProject
Project("{FAE04EC0-301F-11D3-BF4B-00C04F79EFBC}") = "RoshShaket.Application.Tests", "tests\RoshShaket.Application.Tests\RoshShaket.Application.Tests.csproj", "{8A00E85A-EADE-411F-8653-0EF8DC618E2A}"
EndProject
Global
	GlobalSection(SolutionConfigurationPlatforms) = preSolution
		Debug|Any CPU = Debug|Any CPU
		Release|Any CPU = Release|Any CPU
	EndGlobalSection
	GlobalSection(SolutionProperties) = preSolution
		HideSolutionNode = FALSE
	EndGlobalSection
	GlobalSection(ProjectConfigurationPlatforms) = postSolution
		{4F9287CF-CBA7-49E4-B5DD-51073B2B3387}.Debug|Any CPU.ActiveCfg = Debug|Any CPU
		{4F9287CF-CBA7-49E4-B5DD-51073B2B3387}.Debug|Any CPU.Build.0 = Debug|Any CPU
		{4F9287CF-CBA7-49E4-B5DD-51073B2B3387}.Release|Any CPU.ActiveCfg = Release|Any CPU
		{4F9287CF-CBA7-49E4-B5DD-51073B2B3387}.Release|Any CPU.Build.0 = Release|Any CPU
		{5216D893-F4EE-4406-B582-893D8095E989}.Debug|Any CPU.ActiveCfg = Debug|Any CPU
		{5216D893-F4EE-4406-B582-893D8095E989}.Debug|Any CPU.Build.0 = Debug|Any CPU
		{5216D893-F4EE-4406-B582-893D8095E989}.Release|Any CPU.ActiveCfg = Release|Any CPU
		{5216D893-F4EE-4406-B582-893D8095E989}.Release|Any CPU.Build.0 = Release|Any CPU
		{721F081F-0A6E-42A7-B802-4A4DCB5D2EEF}.Debug|Any CPU.ActiveCfg = Debug|Any CPU
		{721F081F-0A6E-42A7-B802-4A4DCB5D2EEF}.Debug|Any CPU.Build.0 = Debug|Any CPU
		{721F081F-0A6E-42A7-B802-4A4DCB5D2EEF}.Release|Any CPU.ActiveCfg = Release|Any CPU
		{721F081F-0A6E-42A7-B802-4A4DCB5D2EEF}.Release|Any CPU.Build.0 = Release|Any CPU
		{4842F967-49C3-4022-AAA9-4617E73EF706}.Debug|Any CPU.ActiveCfg = Debug|Any CPU
		{4842F967-49C3-4022-AAA9-4617E73EF706}.Debug|Any CPU.Build.0 = Debug|Any CPU
		{4842F967-49C3-4022-AAA9-4617E73EF706}.Release|Any CPU.ActiveCfg = Release|Any CPU
		{4842F967-49C3-4022-AAA9-4617E73EF706}.Release|Any CPU.Build.0 = Release|Any CPU
		{8A00E85A-EADE-411F-8653-0EF8DC618E2A}.Debug|Any CPU.ActiveCfg = Debug|Any CPU
		{8A00E85A-EADE-411F-8653-0EF8DC618E2A}.Debug|Any CPU.Build.0 = Debug|Any CPU
		{8A00E85A-EADE-411F-8653-0EF8DC618E2A}.Release|Any CPU.ActiveCfg = Release|Any CPU
		{8A00E85A-EADE-411F-8653-0EF8DC618E2A}.Release|Any CPU.Build.0 = Release|Any CPU
	EndGlobalSection
	GlobalSection(NestedProjects) = preSolution
		{4F9287CF-CBA7-49E4-B5DD-51073B2B3387} = {3A105609-988B-412C-9F16-6AED2DD2EA2B}
		{5216D893-F4EE-4406-B582-893D8095E989} = {3A105609-988B-412C-9F16-6AED2DD2EA2B}
		{721F081F-0A6E-42A7-B802-4A4DCB5D2EEF} = {3A105609-988B-412C-9F16-6AED2DD2EA2B}
		{4842F967-49C3-4022-AAA9-4617E73EF706} = {3A105609-988B-412C-9F16-6AED2DD2EA2B}
		{8A00E85A-EADE-411F-8653-0EF8DC618E2A} = {72DC6DAC-8CE7-429E-A27E-116167F9EF0C}
	EndGlobalSection
EndGlobal
